
Microsoft Visual Studio Solution File, Format Version 12.00
# Visual Studio Version 16
VisualStudioVersion = 16.0.30204.135
MinimumVisualStudioVersion = 10.0.40219.1
Project("{FAE04EC0-301F-11D3-BF4B-00C04F79EFBC}") = "Componentes", "Componentes.csproj", "{2FC3BF98-6EC1-46B3-8379-DFB8FF31816B}"
EndProject
Global
	GlobalSection(SolutionConfigurationPlatforms) = preSolution
		Debug|Any CPU = Debug|Any CPU
		Release|Any CPU = Release|Any CPU
	EndGlobalSection
	GlobalSection(ProjectConfigurationPlatforms) = postSolution
		{2FC3BF98-6EC1-46B3-8379-DFB8FF31816B}.Debug|Any CPU.ActiveCfg = Debug|Any CPU
		{2FC3BF98-6EC1-46B3-8379-DFB8FF31816B}.Debug|Any CPU.Build.0 = Debug|Any CPU
		{2FC3BF98-6EC1-46B3-8379-DFB8FF31816B}.Release|Any CPU.ActiveCfg = Release|Any CPU
		{2FC3BF98-6EC1-46B3-8379-DFB8FF31816B}.Release|Any CPU.Build.0 = Release|Any CPU
	EndGlobalSection
	GlobalSection(SolutionProperties) = preSolution
		HideSolutionNode = FALSE
	EndGlobalSection
	GlobalSection(ExtensibilityGlobals) = postSolution
		SolutionGuid = {0FED5504-3B83-4651-9D9A-6988FF718978}
	EndGlobalSection
EndGlobal
